
Microsoft Visual Studio Solution File, Format Version 12.00
# Visual Studio Version 16
VisualStudioVersion = 16.0.30907.101
MinimumVisualStudioVersion = 10.0.40219.1
Project("{FAE04EC0-301F-11D3-BF4B-00C04F79EFBC}") = "SileoKonvertering", "SileoKonvertering.csproj", "{9BC41987-D173-4863-9776-2185E56B930A}"
EndProject
Global
	GlobalSection(SolutionConfigurationPlatforms) = preSolution
		Debug|Any CPU = Debug|Any CPU
		Release|Any CPU = Release|Any CPU
	EndGlobalSection
	GlobalSection(ProjectConfigurationPlatforms) = postSolution
		{9BC41987-D173-4863-9776-2185E56B930A}.Debug|Any CPU.ActiveCfg = Debug|Any CPU
		{9BC41987-D173-4863-9776-2185E56B930A}.Debug|Any CPU.Build.0 = Debug|Any CPU
		{9BC41987-D173-4863-9776-2185E56B930A}.Release|Any CPU.ActiveCfg = Release|Any CPU
		{9BC41987-D173-4863-9776-2185E56B930A}.Release|Any CPU.Build.0 = Release|Any CPU
	EndGlobalSection
	GlobalSection(SolutionProperties) = preSolution
		HideSolutionNode = FALSE
	EndGlobalSection
	GlobalSection(ExtensibilityGlobals) = postSolution
		SolutionGuid = {A4DBDDC3-9E61-4A95-AB5C-51B23A0FAEB6}
	EndGlobalSection
EndGlobal
